
Microsoft Visual Studio Solution File, Format Version 12.00
# Visual Studio Version 17
VisualStudioVersion = 17.9.34728.123
MinimumVisualStudioVersion = 10.0.40219.1
Project("{9A19103F-16F7-4668-BE54-9A1E7A4F7556}") = "IPUtils", "IPUtils\IPUtils.csproj", "{11B55366-E56B-42C5-A848-695BCA64D45E}"
EndProject
Global
	GlobalSection(SolutionConfigurationPlatforms) = preSolution
		Debug|Any CPU = Debug|Any CPU
		Release|Any CPU = Release|Any CPU
	EndGlobalSection
	GlobalSection(ProjectConfigurationPlatforms) = postSolution
		{11B55366-E56B-42C5-A848-695BCA64D45E}.Debug|Any CPU.ActiveCfg = Debug|Any CPU
		{11B55366-E56B-42C5-A848-695BCA64D45E}.Debug|Any CPU.Build.0 = Debug|Any CPU
		{11B55366-E56B-42C5-A848-695BCA64D45E}.Release|Any CPU.ActiveCfg = Release|Any CPU
		{11B55366-E56B-42C5-A848-695BCA64D45E}.Release|Any CPU.Build.0 = Release|Any CPU
	EndGlobalSection
	GlobalSection(SolutionProperties) = preSolution
		HideSolutionNode = FALSE
	EndGlobalSection
	GlobalSection(ExtensibilityGlobals) = postSolution
		SolutionGuid = {7DB5D338-F575-4AEC-98E5-02C550571438}
	EndGlobalSection
EndGlobal
